
Microsoft Visual Studio Solution File, Format Version 12.00
# Visual Studio Version 17
VisualStudioVersion = 17.6.33712.159
MinimumVisualStudioVersion = 10.0.40219.1
Project("{2150E333-8FDC-42A3-9474-1A3956D46DE8}") = "src", "src", "{D5FF939D-6729-4195-9D74-7DDE6A125906}"
EndProject
Project("{2150E333-8FDC-42A3-9474-1A3956D46DE8}") = "test", "test", "{E8078E92-8231-422C-94B0-AC901D5C370F}"
EndProject
Project("{2150E333-8FDC-42A3-9474-1A3956D46DE8}") = "Domain", "Domain", "{B4E14A0E-931B-45D9-90B4-A5D476CBC51E}"
EndProject
Project("{2150E333-8FDC-42A3-9474-1A3956D46DE8}") = "Application", "Application", "{B0396C6C-EADC-43C1-A7D8-63CCB854682E}"
EndProject
Project("{2150E333-8FDC-42A3-9474-1A3956D46DE8}") = "Infrastructure", "Infrastructure", "{7FAF5677-16CE-4D9A-93EB-F8920BFC3B10}"
EndProject
Project("{2150E333-8FDC-42A3-9474-1A3956D46DE8}") = "API", "API", "{4D88EB66-12E9-45D0-B618-CC016C0DDAB3}"
EndProject
Project("{2150E333-8FDC-42A3-9474-1A3956D46DE8}") = "WebUI", "WebUI", "{6EBC5695-0FC6-4257-8DE6-542D1C8FE179}"
EndProject
Project("{9A19103F-16F7-4668-BE54-9A1E7A4F7556}") = "SMSDomain", "SMSDomain\SMSDomain.csproj", "{B4A5C919-B1D2-498F-B2EF-B6FB201290A7}"
EndProject
Project("{9A19103F-16F7-4668-BE54-9A1E7A4F7556}") = "Application", "Application\Application.csproj", "{4EC362A0-B6B0-4819-BB4A-A863203B652C}"
	ProjectSection(ProjectDependencies) = postProject
		{B4A5C919-B1D2-498F-B2EF-B6FB201290A7} = {B4A5C919-B1D2-498F-B2EF-B6FB201290A7}
	EndProjectSection
EndProject
Project("{9A19103F-16F7-4668-BE54-9A1E7A4F7556}") = "Infrastructure", "Infrastructure\Infrastructure.csproj", "{C431AD27-01B0-4BDF-98F4-8F69DD310693}"
EndProject
Project("{FAE04EC0-301F-11D3-BF4B-00C04F79EFBC}") = "WebApi", "WebApi\WebApi.csproj", "{ACE8C5C6-8D16-4C82-9B81-228788D83715}"
EndProject
Global
	GlobalSection(SolutionConfigurationPlatforms) = preSolution
		Debug|Any CPU = Debug|Any CPU
		Release|Any CPU = Release|Any CPU
	EndGlobalSection
	GlobalSection(ProjectConfigurationPlatforms) = postSolution
		{B4A5C919-B1D2-498F-B2EF-B6FB201290A7}.Debug|Any CPU.ActiveCfg = Debug|Any CPU
		{B4A5C919-B1D2-498F-B2EF-B6FB201290A7}.Debug|Any CPU.Build.0 = Debug|Any CPU
		{B4A5C919-B1D2-498F-B2EF-B6FB201290A7}.Release|Any CPU.ActiveCfg = Release|Any CPU
		{B4A5C919-B1D2-498F-B2EF-B6FB201290A7}.Release|Any CPU.Build.0 = Release|Any CPU
		{4EC362A0-B6B0-4819-BB4A-A863203B652C}.Debug|Any CPU.ActiveCfg = Debug|Any CPU
		{4EC362A0-B6B0-4819-BB4A-A863203B652C}.Debug|Any CPU.Build.0 = Debug|Any CPU
		{4EC362A0-B6B0-4819-BB4A-A863203B652C}.Release|Any CPU.ActiveCfg = Release|Any CPU
		{4EC362A0-B6B0-4819-BB4A-A863203B652C}.Release|Any CPU.Build.0 = Release|Any CPU
		{C431AD27-01B0-4BDF-98F4-8F69DD310693}.Debug|Any CPU.ActiveCfg = Debug|Any CPU
		{C431AD27-01B0-4BDF-98F4-8F69DD310693}.Debug|Any CPU.Build.0 = Debug|Any CPU
		{C431AD27-01B0-4BDF-98F4-8F69DD310693}.Release|Any CPU.ActiveCfg = Release|Any CPU
		{C431AD27-01B0-4BDF-98F4-8F69DD310693}.Release|Any CPU.Build.0 = Release|Any CPU
		{ACE8C5C6-8D16-4C82-9B81-228788D83715}.Debug|Any CPU.ActiveCfg = Debug|Any CPU
		{ACE8C5C6-8D16-4C82-9B81-228788D83715}.Debug|Any CPU.Build.0 = Debug|Any CPU
		{ACE8C5C6-8D16-4C82-9B81-228788D83715}.Release|Any CPU.ActiveCfg = Release|Any CPU
		{ACE8C5C6-8D16-4C82-9B81-228788D83715}.Release|Any CPU.Build.0 = Release|Any CPU
	EndGlobalSection
	GlobalSection(SolutionProperties) = preSolution
		HideSolutionNode = FALSE
	EndGlobalSection
	GlobalSection(NestedProjects) = preSolution
		{B4E14A0E-931B-45D9-90B4-A5D476CBC51E} = {D5FF939D-6729-4195-9D74-7DDE6A125906}
		{B0396C6C-EADC-43C1-A7D8-63CCB854682E} = {D5FF939D-6729-4195-9D74-7DDE6A125906}
		{7FAF5677-16CE-4D9A-93EB-F8920BFC3B10} = {D5FF939D-6729-4195-9D74-7DDE6A125906}
		{4D88EB66-12E9-45D0-B618-CC016C0DDAB3} = {D5FF939D-6729-4195-9D74-7DDE6A125906}
		{6EBC5695-0FC6-4257-8DE6-542D1C8FE179} = {D5FF939D-6729-4195-9D74-7DDE6A125906}
		{B4A5C919-B1D2-498F-B2EF-B6FB201290A7} = {B4E14A0E-931B-45D9-90B4-A5D476CBC51E}
		{4EC362A0-B6B0-4819-BB4A-A863203B652C} = {B0396C6C-EADC-43C1-A7D8-63CCB854682E}
		{C431AD27-01B0-4BDF-98F4-8F69DD310693} = {7FAF5677-16CE-4D9A-93EB-F8920BFC3B10}
		{ACE8C5C6-8D16-4C82-9B81-228788D83715} = {4D88EB66-12E9-45D0-B618-CC016C0DDAB3}
	EndGlobalSection
	GlobalSection(ExtensibilityGlobals) = postSolution
		SolutionGuid = {3A685A0D-09BF-4DB3-901A-76EC11C7D412}
	EndGlobalSection
EndGlobal
